// !$*UTF8*$!
{
	archiveVersion = 1;
	classes = {
	};
	objectVersion = 46;
	objects = {

/* Begin PBXBuildFile section */
		4F6F125E1B1064600080F041 /* AppDelegate.swift in Sources */ = {isa = PBXBuildFile; fileRef = 4F6F125D1B1064600080F041 /* AppDelegate.swift */; };
		4F6F12601B1064600080F041 /* ViewController.swift in Sources */ = {isa = PBXBuildFile; fileRef = 4F6F125F1B1064600080F041 /* ViewController.swift */; };
		4F6F12631B1064600080F041 /* Main.storyboard in Resources */ = {isa = PBXBuildFile; fileRef = 4F6F12611B1064600080F041 /* Main.storyboard */; };
		4F6F12651B1064600080F041 /* Images.xcassets in Resources */ = {isa = PBXBuildFile; fileRef = 4F6F12641B1064600080F041 /* Images.xcassets */; };
		4F6F12681B1064600080F041 /* LaunchScreen.xib in Resources */ = {isa = PBXBuildFile; fileRef = 4F6F12661B1064600080F041 /* LaunchScreen.xib */; };
		4F6F12741B1064600080F041 /* AnimatTestTests.swift in Sources */ = {isa = PBXBuildFile; fileRef = 4F6F12731B1064600080F041 /* AnimatTestTests.swift */; };
/* End PBXBuildFile section */

/* Begin PBXContainerItemProxy section */
		4F6F126E1B1064600080F041 /* PBXContainerItemProxy */ = {
			isa = PBXContainerItemProxy;
			containerPortal = 4F6F12501B1064600080F041 /* Project object */;
			proxyType = 1;
			remoteGlobalIDString = 4F6F12571B1064600080F041;
			remoteInfo = AnimatTest;
		};
/* End PBXContainerItemProxy section */

/* Begin PBXFileReference section */
		4F6F12581B1064600080F041 /* AnimatTest.app */ = {isa = PBXFileReference; explicitFileType = wrapper.application; includeInIndex = 0; path = AnimatTest.app; sourceTree = BUILT_PRODUCTS_DIR; };
		4F6F125C1B1064600080F041 /* Info.plist */ = {isa = PBXFileReference; lastKnownFileType = text.plist.xml; path = Info.plist; sourceTree = "<group>"; };
		4F6F125D1B1064600080F041 /* AppDelegate.swift */ = {isa = PBXFileReference; lastKnownFileType = sourcecode.swift; path = AppDelegate.swift; sourceTree = "<group>"; };
		4F6F125F1B1064600080F041 /* ViewController.swift */ = {isa = PBXFileReference; lastKnownFileType = sourcecode.swift; path = ViewController.swift; sourceTree = "<group>"; };
		4F6F12621B1064600080F041 /* Base */ = {isa = PBXFileReference; lastKnownFileType = file.storyboard; name = Base; path = Base.lproj/Main.storyboard; sourceTree = "<group>"; };
		4F6F12641B1064600080F041 /* Images.xcassets */ = {isa = PBXFileReference; lastKnownFileType = folder.assetcatalog; path = Images.xcassets; sourceTree = "<group>"; };
		4F6F12671B1064600080F041 /* Base */ = {isa = PBXFileReference; lastKnownFileType = file.xib; name = Base; path = Base.lproj/LaunchScreen.xib; sourceTree = "<group>"; };
		4F6F126D1B1064600080F041 /* AnimatTestTests.xctest */ = {isa = PBXFileReference; explicitFileType = wrapper.cfbundle; includeInIndex = 0; path = AnimatTestTests.xctest; sourceTree = BUILT_PRODUCTS_DIR; };
		4F6F12721B1064600080F041 /* Info.plist */ = {isa = PBXFileReference; lastKnownFileType = text.plist.xml; path = Info.plist; sourceTree = "<group>"; };
		4F6F12731B1064600080F041 /* AnimatTestTests.swift */ = {isa = PBXFileReference; lastKnownFileType = sourcecode.swift; path = AnimatTestTests.swift; sourceTree = "<group>"; };
/* End PBXFileReference section */

/* Begin PBXFrameworksBuildPhase section */
		4F6F12551B1064600080F041 /* Frameworks */ = {
			isa = PBXFrameworksBuildPhase;
			buildActionMask = 2147483647;
			files = (
			);
			runOnlyForDeploymentPostprocessing = 0;
		};
		4F6F126A1B1064600080F041 /* Frameworks */ = {
			isa = PBXFrameworksBuildPhase;
			buildActionMask = 2147483647;
			files = (
			);
			runOnlyForDeploymentPostprocessing = 0;
		};
/* End PBXFrameworksBuildPhase section */

/* Begin PBXGroup section */
		4F6F124F1B1064600080F041 = {
			isa = PBXGroup;
			children = (
				4F6F125A1B1064600080F041 /* AnimatTest */,
				4F6F12701B1064600080F041 /* AnimatTestTests */,
				4F6F12591B1064600080F041 /* Products */,
			);
			sourceTree = "<group>";
		};
		4F6F12591B1064600080F041 /* Products */ = {
			isa = PBXGroup;
			children = (
				4F6F12581B1064600080F041 /* AnimatTest.app */,
				4F6F126D1B1064600080F041 /* AnimatTestTests.xctest */,
			);
			name = Products;
			sourceTree = "<group>";
		};
		4F6F125A1B1064600080F041 /* AnimatTest */ = {
			isa = PBXGroup;
			children = (
				4F6F125D1B1064600080F041 /* AppDelegate.swift */,
				4F6F125F1B1064600080F041 /* ViewController.swift */,
				4F6F12611B1064600080F041 /* Main.storyboard */,
				4F6F12641B1064600080F041 /* Images.xcassets */,
				4F6F12661B1064600080F041 /* LaunchScreen.xib */,
				4F6F125B1B1064600080F041 /* Supporting Files */,
			);
			path = AnimatTest;
			sourceTree = "<group>";
		};
		4F6F125B1B1064600080F041 /* Supporting Files */ = {
			isa = PBXGroup;
			children = (
				4F6F125C1B1064600080F041 /* Info.plist */,
			);
			name = "Supporting Files";
			sourceTree = "<group>";
		};
		4F6F12701B1064600080F041 /* AnimatTestTests */ = {
			isa = PBXGroup;
			children = (
				4F6F12731B1064600080F041 /* AnimatTestTests.swift */,
				4F6F12711B1064600080F041 /* Supporting Files */,
			);
			path = AnimatTestTests;
			sourceTree = "<group>";
		};
		4F6F12711B1064600080F041 /* Supporting Files */ = {
			isa = PBXGroup;
			children = (
				4F6F12721B1064600080F041 /* Info.plist */,
			);
			name = "Supporting Files";
			sourceTree = "<group>";
		};
/* End PBXGroup section */

/* Begin PBXNativeTarget section */
		4F6F12571B1064600080F041 /* AnimatTest */ = {
			isa = PBXNativeTarget;
			buildConfigurationList = 4F6F12771B1064600080F041 /* Build configuration list for PBXNativeTarget "AnimatTest" */;
			buildPhases = (
				4F6F12541B1064600080F041 /* Sources */,
				4F6F12551B1064600080F041 /* Frameworks */,
				4F6F12561B1064600080F041 /* Resources */,
			);
			buildRules = (
			);
			dependencies = (
			);
			name = AnimatTest;
			productName = AnimatTest;
			productReference = 4F6F12581B1064600080F041 /* AnimatTest.app */;
			productType = "com.apple.product-type.application";
		};
		4F6F126C1B1064600080F041 /* AnimatTestTests */ = {
			isa = PBXNativeTarget;
			buildConfigurationList = 4F6F127A1B1064600080F041 /* Build configuration list for PBXNativeTarget "AnimatTestTests" */;
			buildPhases = (
				4F6F12691B1064600080F041 /* Sources */,
				4F6F126A1B1064600080F041 /* Frameworks */,
				4F6F126B1B1064600080F041 /* Resources */,
			);
			buildRules = (
			);
			dependencies = (
				4F6F126F1B1064600080F041 /* PBXTargetDependency */,
			);
			name = AnimatTestTests;
			productName = AnimatTestTests;
			productReference = 4F6F126D1B1064600080F041 /* AnimatTestTests.xctest */;
			productType = "com.apple.product-type.bundle.unit-test";
		};
/* End PBXNativeTarget section */

/* Begin PBXProject section */
		4F6F12501B1064600080F041 /* Project object */ = {
			isa = PBXProject;
			attributes = {
				LastUpgradeCheck = 0630;
				ORGANIZATIONNAME = Vincent;
				TargetAttributes = {
					4F6F12571B1064600080F041 = {
						CreatedOnToolsVersion = 6.3.2;
					};
					4F6F126C1B1064600080F041 = {
						CreatedOnToolsVersion = 6.3.2;
						TestTargetID = 4F6F12571B1064600080F041;
					};
				};
			};
			buildConfigurationList = 4F6F12531B1064600080F041 /* Build configuration list for PBXProject "AnimatTest" */;
			compatibilityVersion = "Xcode 3.2";
			developmentRegion = English;
			hasScannedForEncodings = 0;
			knownRegions = (
				en,
				Base,
			);
			mainGroup = 4F6F124F1B1064600080F041;
			productRefGroup = 4F6F12591B1064600080F041 /* Products */;
			projectDirPath = "";
			projectRoot = "";
			targets = (
				4F6F12571B1064600080F041 /* AnimatTest */,
				4F6F126C1B1064600080F041 /* AnimatTestTests */,
			);
		};
/* End PBXProject section */

/* Begin PBXResourcesBuildPhase section */
		4F6F12561B1064600080F041 /* Resources */ = {
			isa = PBXResourcesBuildPhase;
			buildActionMask = 2147483647;
			files = (
				4F6F12631B1064600080F041 /* Main.storyboard in Resources */,
				4F6F12681B1064600080F041 /* LaunchScreen.xib in Resources */,
				4F6F12651B1064600080F041 /* Images.xcassets in Resources */,
			);
			runOnlyForDeploymentPostprocessing = 0;
		};
		4F6F126B1B1064600080F041 /* Resources */ = {
			isa = PBXResourcesBuildPhase;
			buildActionMask = 2147483647;
			files = (
			);
			runOnlyForDeploymentPostprocessing = 0;
		};
/* End PBXResourcesBuildPhase section */

/* Begin PBXSourcesBuildPhase section */
		4F6F12541B1064600080F041 /* Sources */ = {
			isa = PBXSourcesBuildPhase;
			buildActionMask = 2147483647;
			files = (
				4F6F12601B1064600080F041 /* ViewController.swift in Sources */,
				4F6F125E1B1064600080F041 /* AppDelegate.swift in Sources */,
			);
			runOnlyForDeploymentPostprocessing = 0;
		};
		4F6F12691B1064600080F041 /* Sources */ = {
			isa = PBXSourcesBuildPhase;
			buildActionMask = 2147483647;
			files = (
				4F6F12741B1064600080F041 /* AnimatTestTests.swift in Sources */,
			);
			runOnlyForDeploymentPostprocessing = 0;
		};
/* End PBXSourcesBuildPhase section */

/* Begin PBXTargetDependency section */
		4F6F126F1B1064600080F041 /* PBXTargetDependency */ = {
			isa = PBXTargetDependency;
			target = 4F6F12571B1064600080F041 /* AnimatTest */;
			targetProxy = 4F6F126E1B1064600080F041 /* PBXContainerItemProxy */;
		};
/* End PBXTargetDependency section */

/* Begin PBXVariantGroup section */
		4F6F12611B1064600080F041 /* Main.storyboard */ = {
			isa = PBXVariantGroup;
			children = (
				4F6F12621B1064600080F041 /* Base */,
			);
			name = Main.storyboard;
			sourceTree = "<group>";
		};
		4F6F12661B1064600080F041 /* LaunchScreen.xib */ = {
			isa = PBXVariantGroup;
			children = (
				4F6F12671B1064600080F041 /* Base */,
			);
			name = LaunchScreen.xib;
			sourceTree = "<group>";
		};
/* End PBXVariantGroup section */

/* Begin XCBuildConfiguration section */
		4F6F12751B1064600080F041 /* Debug */ = {
			isa = XCBuildConfiguration;
			buildSettings = {
				ALWAYS_SEARCH_USER_PATHS = NO;
				CLANG_CXX_LANGUAGE_STANDARD = "gnu++0x";
				CLANG_CXX_LIBRARY = "libc++";
				CLANG_ENABLE_MODULES = YES;
				CLANG_ENABLE_OBJC_ARC = YES;
				CLANG_WARN_BOOL_CONVERSION = YES;
				CLANG_WARN_CONSTANT_CONVERSION = YES;
				CLANG_WARN_DIRECT_OBJC_ISA_USAGE = YES_ERROR;
				CLANG_WARN_EMPTY_BODY = YES;
				CLANG_WARN_ENUM_CONVERSION = YES;
				CLANG_WARN_INT_CONVERSION = YES;
				CLANG_WARN_OBJC_ROOT_CLASS = YES_ERROR;
				CLANG_WARN_UNREACHABLE_CODE = YES;
				CLANG_WARN__DUPLICATE_METHOD_MATCH = YES;
				"CODE_SIGN_IDENTITY[sdk=iphoneos*]" = "iPhone Developer";
				COPY_PHASE_STRIP = NO;
				DEBUG_INFORMATION_FORMAT = "dwarf-with-dsym";
				ENABLE_STRICT_OBJC_MSGSEND = YES;
				GCC_C_LANGUAGE_STANDARD = gnu99;
				GCC_DYNAMIC_NO_PIC = NO;
				GCC_NO_COMMON_BLOCKS = YES;
				GCC_OPTIMIZATION_LEVEL = 0;
				GCC_PREPROCESSOR_DEFINITIONS = (
					"DEBUG=1",
					"$(inherited)",
				);
				GCC_SYMBOLS_PRIVATE_EXTERN = NO;
				GCC_WARN_64_TO_32_BIT_CONVERSION = YES;
				GCC_WARN_ABOUT_RETURN_TYPE = YES_ERROR;
				GCC_WARN_UNDECLARED_SELECTOR = YES;
				GCC_WARN_UNINITIALIZED_AUTOS = YES_AGGRESSIVE;
				GCC_WARN_UNUSED_FUNCTION = YES;
				GCC_WARN_UNUSED_VARIABLE = YES;
				IPHONEOS_DEPLOYMENT_TARGET = 8.3;
				MTL_ENABLE_DEBUG_INFO = YES;
				ONLY_ACTIVE_ARCH = YES;
				SDKROOT = iphoneos;
				SWIFT_OPTIMIZATION_LEVEL = "-Onone";
			};
			name = Debug;
		};
		4F6F12761B1064600080F041 /* Release */ = {
			isa = XCBuildConfiguration;
			buildSettings = {
				ALWAYS_SEARCH_USER_PATHS = NO;
				CLANG_CXX_LANGUAGE_STANDARD = "gnu++0x";
				CLANG_CXX_LIBRARY = "libc++";
				CLANG_ENABLE_MODULES = YES;
				CLANG_ENABLE_OBJC_ARC = YES;
				CLANG_WARN_BOOL_CONVERSION = YES;
				CLANG_WARN_CONSTANT_CONVERSION = YES;
				CLANG_WARN_DIRECT_OBJC_ISA_USAGE = YES_ERROR;
				CLANG_WARN_EMPTY_BODY = YES;
				CLANG_WARN_ENUM_CONVERSION = YES;
				CLANG_WARN_INT_CONVERSION = YES;
				CLANG_WARN_OBJC_ROOT_CLASS = YES_ERROR;
				CLANG_WARN_UNREACHABLE_CODE = YES;
				CLANG_WARN__DUPLICATE_METHOD_MATCH = YES;
				"CODE_SIGN_IDENTITY[sdk=iphoneos*]" = "iPhone Developer";
				COPY_PHASE_STRIP = NO;
				DEBUG_INFORMATION_FORMAT = "dwarf-with-dsym";
				ENABLE_NS_ASSERTIONS = NO;
				ENABLE_STRICT_OBJC_MSGSEND = YES;
				GCC_C_LANGUAGE_STANDARD = gnu99;
				GCC_NO_COMMON_BLOCKS = YES;
				GCC_WARN_64_TO_32_BIT_CONVERSION = YES;
				GCC_WARN_ABOUT_RETURN_TYPE = YES_ERROR;
				GCC_WARN_UNDECLARED_SELECTOR = YES;
				GCC_WARN_UNINITIALIZED_AUTOS = YES_AGGRESSIVE;
				GCC_WARN_UNUSED_FUNCTION = YES;
				GCC_WARN_UNUSED_VARIABLE = YES;
				IPHONEOS_DEPLOYMENT_TARGET = 8.3;
				MTL_ENABLE_DEBUG_INFO = NO;
				SDKROOT = iphoneos;
				VALIDATE_PRODUCT = YES;
			};
			name = Release;
		};
		4F6F12781B1064600080F041 /* Debug */ = {
			isa = XCBuildConfiguration;
			buildSettings = {
				ASSETCATALOG_COMPILER_APPICON_NAME = AppIcon;
				INFOPLIST_FILE = AnimatTest/Info.plist;
				IPHONEOS_DEPLOYMENT_TARGET = 8.0;
				LD_RUNPATH_SEARCH_PATHS = "$(inherited) @executable_path/Frameworks";
				PRODUCT_NAME = "$(TARGET_NAME)";
			};
			name = Debug;
		};
		4F6F12791B1064600080F041 /* Release */ = {
			isa = XCBuildConfiguration;
			buildSettings = {
				ASSETCATALOG_COMPILER_APPICON_NAME = AppIcon;
				INFOPLIST_FILE = AnimatTest/Info.plist;
				IPHONEOS_DEPLOYMENT_TARGET = 8.0;
				LD_RUNPATH_SEARCH_PATHS = "$(inherited) @executable_path/Frameworks";
				PRODUCT_NAME = "$(TARGET_NAME)";
			};
			name = Release;
		};
		4F6F127B1B1064600080F041 /* Debug */ = {
			isa = XCBuildConfiguration;
			buildSettings = {
				BUNDLE_LOADER = "$(TEST_HOST)";
				FRAMEWORK_SEARCH_PATHS = (
					"$(SDKROOT)/Developer/Library/Frameworks",
					"$(inherited)",
				);
				GCC_PREPROCESSOR_DEFINITIONS = (
					"DEBUG=1",
					"$(inherited)",
				);
				INFOPLIST_FILE = AnimatTestTests/Info.plist;
				LD_RUNPATH_SEARCH_PATHS = "$(inherited) @executable_path/Frameworks @loader_path/Frameworks";
				PRODUCT_NAME = "$(TARGET_NAME)";
				TEST_HOST = "$(BUILT_PRODUCTS_DIR)/AnimatTest.app/AnimatTest";
			};
			name = Debug;
		};
		4F6F127C1B1064600080F041 /* Release */ = {
			isa = XCBuildConfiguration;
			buildSettings = {
				BUNDLE_LOADER = "$(TEST_HOST)";
				FRAMEWORK_SEARCH_PATHS = (
					"$(SDKROOT)/Developer/Library/Frameworks",
					"$(inherited)",
				);
				INFOPLIST_FILE = AnimatTestTests/Info.plist;
				LD_RUNPATH_SEARCH_PATHS = "$(inherited) @executable_path/Frameworks @loader_path/Frameworks";
				PRODUCT_NAME = "$(TARGET_NAME)";
				TEST_HOST = "$(BUILT_PRODUCTS_DIR)/AnimatTest.app/AnimatTest";
			};
			name = Release;
		};
/* End XCBuildConfiguration section */

/* Begin XCConfigurationList section */
		4F6F12531B1064600080F041 /* Build configuration list for PBXProject "AnimatTest" */ = {
			isa = XCConfigurationList;
			buildConfigurations = (
				4F6F12751B1064600080F041 /* Debug */,
				4F6F12761B1064600080F041 /* Release */,
			);
			defaultConfigurationIsVisible = 0;
			defaultConfigurationName = Release;
		};
		4F6F12771B1064600080F041 /* Build configuration list for PBXNativeTarget "AnimatTest" */ = {
			isa = XCConfigurationList;
			buildConfigurations = (
				4F6F12781B1064600080F041 /* Debug */,
				4F6F12791B1064600080F041 /* Release */,
			);
			defaultConfigurationIsVisible = 0;
			defaultConfigurationName = Release;
		};
		4F6F127A1B1064600080F041 /* Build configuration list for PBXNativeTarget "AnimatTestTests" */ = {
			isa = XCConfigurationList;
			buildConfigurations = (
				4F6F127B1B1064600080F041 /* Debug */,
				4F6F127C1B1064600080F041 /* Release */,
			);
			defaultConfigurationIsVisible = 0;
			defaultConfigurationName = Release;
		};
/* End XCConfigurationList section */
	};
	rootObject = 4F6F12501B1064600080F041 /* Project object */;
}
